
Microsoft Visual Studio Solution File, Format Version 12.00
# Visual Studio Version 16
VisualStudioVersion = 16.0.29009.5
MinimumVisualStudioVersion = 10.0.40219.1
Project("{9A19103F-16F7-4668-BE54-9A1E7A4F7556}") = "BetterGeolocator", "BetterGeolocator\BetterGeolocator.csproj", "{248DC203-5886-4B5C-A778-6C4B223DD7BE}"
EndProject
Project("{FAE04EC0-301F-11D3-BF4B-00C04F79EFBC}") = "BetterGeolocator.Droid.Sample", "BetterGeolocator.Droid.Sample\BetterGeolocator.Droid.Sample.csproj", "{854EFB2E-7C59-4856-9070-2AB6E2F4025A}"
EndProject
Project("{FAE04EC0-301F-11D3-BF4B-00C04F79EFBC}") = "BetterGeolocator.Touch.Sample", "BetterGeolocator.Touch.Sample\BetterGeolocator.Touch.Sample.csproj", "{60FC8F37-35C7-457C-B87F-47FD669FBE56}"
EndProject
Project("{9A19103F-16F7-4668-BE54-9A1E7A4F7556}") = "BetterGeolocator.Core.Sample", "BetterGeolocator.Core.Sample\BetterGeolocator.Core.Sample.csproj", "{96D1E32C-E145-43A7-9FC8-4CEFE414F042}"
EndProject
Project("{FAE04EC0-301F-11D3-BF4B-00C04F79EFBC}") = "BetterGeolocator.Uwp.Sample", "BetterGeolocator.Uwp.Sample\BetterGeolocator.Uwp.Sample.csproj", "{59686749-4F8F-48D1-A5D6-093F80DD716C}"
EndProject
Global
	GlobalSection(SolutionConfigurationPlatforms) = preSolution
		Debug|Any CPU = Debug|Any CPU
		Debug|ARM = Debug|ARM
		Debug|ARM64 = Debug|ARM64
		Debug|iPhone = Debug|iPhone
		Debug|iPhoneSimulator = Debug|iPhoneSimulator
		Debug|x64 = Debug|x64
		Debug|x86 = Debug|x86
		Release|Any CPU = Release|Any CPU
		Release|ARM = Release|ARM
		Release|ARM64 = Release|ARM64
		Release|iPhone = Release|iPhone
		Release|iPhoneSimulator = Release|iPhoneSimulator
		Release|x64 = Release|x64
		Release|x86 = Release|x86
	EndGlobalSection
	GlobalSection(ProjectConfigurationPlatforms) = postSolution
		{248DC203-5886-4B5C-A778-6C4B223DD7BE}.Debug|Any CPU.ActiveCfg = Debug|Any CPU
		{248DC203-5886-4B5C-A778-6C4B223DD7BE}.Debug|Any CPU.Build.0 = Debug|Any CPU
		{248DC203-5886-4B5C-A778-6C4B223DD7BE}.Debug|ARM.ActiveCfg = Debug|Any CPU
		{248DC203-5886-4B5C-A778-6C4B223DD7BE}.Debug|ARM.Build.0 = Debug|Any CPU
		{248DC203-5886-4B5C-A778-6C4B223DD7BE}.Debug|ARM64.ActiveCfg = Debug|Any CPU
		{248DC203-5886-4B5C-A778-6C4B223DD7BE}.Debug|ARM64.Build.0 = Debug|Any CPU
		{248DC203-5886-4B5C-A778-6C4B223DD7BE}.Debug|iPhone.ActiveCfg = Debug|Any CPU
		{248DC203-5886-4B5C-A778-6C4B223DD7BE}.Debug|iPhone.Build.0 = Debug|Any CPU
		{248DC203-5886-4B5C-A778-6C4B223DD7BE}.Debug|iPhoneSimulator.ActiveCfg = Debug|Any CPU
		{248DC203-5886-4B5C-A778-6C4B223DD7BE}.Debug|iPhoneSimulator.Build.0 = Debug|Any CPU
		{248DC203-5886-4B5C-A778-6C4B223DD7BE}.Debug|x64.ActiveCfg = Debug|Any CPU
		{248DC203-5886-4B5C-A778-6C4B223DD7BE}.Debug|x64.Build.0 = Debug|Any CPU
		{248DC203-5886-4B5C-A778-6C4B223DD7BE}.Debug|x86.ActiveCfg = Debug|Any CPU
		{248DC203-5886-4B5C-A778-6C4B223DD7BE}.Debug|x86.Build.0 = Debug|Any CPU
		{248DC203-5886-4B5C-A778-6C4B223DD7BE}.Release|Any CPU.ActiveCfg = Release|Any CPU
		{248DC203-5886-4B5C-A778-6C4B223DD7BE}.Release|Any CPU.Build.0 = Release|Any CPU
		{248DC203-5886-4B5C-A778-6C4B223DD7BE}.Release|ARM.ActiveCfg = Release|Any CPU
		{248DC203-5886-4B5C-A778-6C4B223DD7BE}.Release|ARM.Build.0 = Release|Any CPU
		{248DC203-5886-4B5C-A778-6C4B223DD7BE}.Release|ARM64.ActiveCfg = Release|Any CPU
		{248DC203-5886-4B5C-A778-6C4B223DD7BE}.Release|ARM64.Build.0 = Release|Any CPU
		{248DC203-5886-4B5C-A778-6C4B223DD7BE}.Release|iPhone.ActiveCfg = Release|Any CPU
		{248DC203-5886-4B5C-A778-6C4B223DD7BE}.Release|iPhone.Build.0 = Release|Any CPU
		{248DC203-5886-4B5C-A778-6C4B223DD7BE}.Release|iPhoneSimulator.ActiveCfg = Release|Any CPU
		{248DC203-5886-4B5C-A778-6C4B223DD7BE}.Release|iPhoneSimulator.Build.0 = Release|Any CPU
		{248DC203-5886-4B5C-A778-6C4B223DD7BE}.Release|x64.ActiveCfg = Release|Any CPU
		{248DC203-5886-4B5C-A778-6C4B223DD7BE}.Release|x64.Build.0 = Release|Any CPU
		{248DC203-5886-4B5C-A778-6C4B223DD7BE}.Release|x86.ActiveCfg = Release|Any CPU
		{248DC203-5886-4B5C-A778-6C4B223DD7BE}.Release|x86.Build.0 = Release|Any CPU
		{854EFB2E-7C59-4856-9070-2AB6E2F4025A}.Debug|Any CPU.ActiveCfg = Debug|Any CPU
		{854EFB2E-7C59-4856-9070-2AB6E2F4025A}.Debug|Any CPU.Build.0 = Debug|Any CPU
		{854EFB2E-7C59-4856-9070-2AB6E2F4025A}.Debug|Any CPU.Deploy.0 = Debug|Any CPU
		{854EFB2E-7C59-4856-9070-2AB6E2F4025A}.Debug|ARM.ActiveCfg = Debug|Any CPU
		{854EFB2E-7C59-4856-9070-2AB6E2F4025A}.Debug|ARM.Build.0 = Debug|Any CPU
		{854EFB2E-7C59-4856-9070-2AB6E2F4025A}.Debug|ARM.Deploy.0 = Debug|Any CPU
		{854EFB2E-7C59-4856-9070-2AB6E2F4025A}.Debug|ARM64.ActiveCfg = Debug|Any CPU
		{854EFB2E-7C59-4856-9070-2AB6E2F4025A}.Debug|ARM64.Build.0 = Debug|Any CPU
		{854EFB2E-7C59-4856-9070-2AB6E2F4025A}.Debug|ARM64.Deploy.0 = Debug|Any CPU
		{854EFB2E-7C59-4856-9070-2AB6E2F4025A}.Debug|iPhone.ActiveCfg = Debug|Any CPU
		{854EFB2E-7C59-4856-9070-2AB6E2F4025A}.Debug|iPhone.Build.0 = Debug|Any CPU
		{854EFB2E-7C59-4856-9070-2AB6E2F4025A}.Debug|iPhone.Deploy.0 = Debug|Any CPU
		{854EFB2E-7C59-4856-9070-2AB6E2F4025A}.Debug|iPhoneSimulator.ActiveCfg = Debug|Any CPU
		{854EFB2E-7C59-4856-9070-2AB6E2F4025A}.Debug|iPhoneSimulator.Build.0 = Debug|Any CPU
		{854EFB2E-7C59-4856-9070-2AB6E2F4025A}.Debug|iPhoneSimulator.Deploy.0 = Debug|Any CPU
		{854EFB2E-7C59-4856-9070-2AB6E2F4025A}.Debug|x64.ActiveCfg = Debug|Any CPU
		{854EFB2E-7C59-4856-9070-2AB6E2F4025A}.Debug|x64.Build.0 = Debug|Any CPU
		{854EFB2E-7C59-4856-9070-2AB6E2F4025A}.Debug|x64.Deploy.0 = Debug|Any CPU
		{854EFB2E-7C59-4856-9070-2AB6E2F4025A}.Debug|x86.ActiveCfg = Debug|Any CPU
		{854EFB2E-7C59-4856-9070-2AB6E2F4025A}.Debug|x86.Build.0 = Debug|Any CPU
		{854EFB2E-7C59-4856-9070-2AB6E2F4025A}.Debug|x86.Deploy.0 = Debug|Any CPU
		{854EFB2E-7C59-4856-9070-2AB6E2F4025A}.Release|Any CPU.ActiveCfg = Release|Any CPU
		{854EFB2E-7C59-4856-9070-2AB6E2F4025A}.Release|Any CPU.Build.0 = Release|Any CPU
		{854EFB2E-7C59-4856-9070-2AB6E2F4025A}.Release|Any CPU.Deploy.0 = Release|Any CPU
		{854EFB2E-7C59-4856-9070-2AB6E2F4025A}.Release|ARM.ActiveCfg = Release|Any CPU
		{854EFB2E-7C59-4856-9070-2AB6E2F4025A}.Release|ARM.Build.0 = Release|Any CPU
		{854EFB2E-7C59-4856-9070-2AB6E2F4025A}.Release|ARM.Deploy.0 = Release|Any CPU
		{854EFB2E-7C59-4856-9070-2AB6E2F4025A}.Release|ARM64.ActiveCfg = Release|Any CPU
		{854EFB2E-7C59-4856-9070-2AB6E2F4025A}.Release|ARM64.Build.0 = Release|Any CPU
		{854EFB2E-7C59-4856-9070-2AB6E2F4025A}.Release|ARM64.Deploy.0 = Release|Any CPU
		{854EFB2E-7C59-4856-9070-2AB6E2F4025A}.Release|iPhone.ActiveCfg = Release|Any CPU
		{854EFB2E-7C59-4856-9070-2AB6E2F4025A}.Release|iPhone.Build.0 = Release|Any CPU
		{854EFB2E-7C59-4856-9070-2AB6E2F4025A}.Release|iPhone.Deploy.0 = Release|Any CPU
		{854EFB2E-7C59-4856-9070-2AB6E2F4025A}.Release|iPhoneSimulator.ActiveCfg = Release|Any CPU
		{854EFB2E-7C59-4856-9070-2AB6E2F4025A}.Release|iPhoneSimulator.Build.0 = Release|Any CPU
		{854EFB2E-7C59-4856-9070-2AB6E2F4025A}.Release|iPhoneSimulator.Deploy.0 = Release|Any CPU
		{854EFB2E-7C59-4856-9070-2AB6E2F4025A}.Release|x64.ActiveCfg = Release|Any CPU
		{854EFB2E-7C59-4856-9070-2AB6E2F4025A}.Release|x64.Build.0 = Release|Any CPU
		{854EFB2E-7C59-4856-9070-2AB6E2F4025A}.Release|x64.Deploy.0 = Release|Any CPU
		{854EFB2E-7C59-4856-9070-2AB6E2F4025A}.Release|x86.ActiveCfg = Release|Any CPU
		{854EFB2E-7C59-4856-9070-2AB6E2F4025A}.Release|x86.Build.0 = Release|Any CPU
		{854EFB2E-7C59-4856-9070-2AB6E2F4025A}.Release|x86.Deploy.0 = Release|Any CPU
		{60FC8F37-35C7-457C-B87F-47FD669FBE56}.Debug|Any CPU.ActiveCfg = Debug|iPhone
		{60FC8F37-35C7-457C-B87F-47FD669FBE56}.Debug|Any CPU.Build.0 = Debug|iPhone
		{60FC8F37-35C7-457C-B87F-47FD669FBE56}.Debug|ARM.ActiveCfg = Debug|iPhoneSimulator
		{60FC8F37-35C7-457C-B87F-47FD669FBE56}.Debug|ARM64.ActiveCfg = Debug|iPhoneSimulator
		{60FC8F37-35C7-457C-B87F-47FD669FBE56}.Debug|iPhone.ActiveCfg = Debug|iPhone
		{60FC8F37-35C7-457C-B87F-47FD669FBE56}.Debug|iPhone.Build.0 = Debug|iPhone
		{60FC8F37-35C7-457C-B87F-47FD669FBE56}.Debug|iPhoneSimulator.ActiveCfg = Debug|iPhoneSimulator
		{60FC8F37-35C7-457C-B87F-47FD669FBE56}.Debug|iPhoneSimulator.Build.0 = Debug|iPhoneSimulator
		{60FC8F37-35C7-457C-B87F-47FD669FBE56}.Debug|x64.ActiveCfg = Debug|iPhoneSimulator
		{60FC8F37-35C7-457C-B87F-47FD669FBE56}.Debug|x86.ActiveCfg = Debug|iPhoneSimulator
		{60FC8F37-35C7-457C-B87F-47FD669FBE56}.Release|Any CPU.ActiveCfg = Release|iPhone
		{60FC8F37-35C7-457C-B87F-47FD669FBE56}.Release|Any CPU.Build.0 = Release|iPhone
		{60FC8F37-35C7-457C-B87F-47FD669FBE56}.Release|ARM.ActiveCfg = Release|iPhoneSimulator
		{60FC8F37-35C7-457C-B87F-47FD669FBE56}.Release|ARM64.ActiveCfg = Release|iPhoneSimulator
		{60FC8F37-35C7-457C-B87F-47FD669FBE56}.Release|iPhone.ActiveCfg = Release|iPhone
		{60FC8F37-35C7-457C-B87F-47FD669FBE56}.Release|iPhone.Build.0 = Release|iPhone
		{60FC8F37-35C7-457C-B87F-47FD669FBE56}.Release|iPhoneSimulator.ActiveCfg = Release|iPhoneSimulator
		{60FC8F37-35C7-457C-B87F-47FD669FBE56}.Release|iPhoneSimulator.Build.0 = Release|iPhoneSimulator
		{60FC8F37-35C7-457C-B87F-47FD669FBE56}.Release|x64.ActiveCfg = Release|iPhoneSimulator
		{60FC8F37-35C7-457C-B87F-47FD669FBE56}.Release|x86.ActiveCfg = Release|iPhoneSimulator
		{96D1E32C-E145-43A7-9FC8-4CEFE414F042}.Debug|Any CPU.ActiveCfg = Debug|Any CPU
		{96D1E32C-E145-43A7-9FC8-4CEFE414F042}.Debug|Any CPU.Build.0 = Debug|Any CPU
		{96D1E32C-E145-43A7-9FC8-4CEFE414F042}.Debug|ARM.ActiveCfg = Debug|Any CPU
		{96D1E32C-E145-43A7-9FC8-4CEFE414F042}.Debug|ARM.Build.0 = Debug|Any CPU
		{96D1E32C-E145-43A7-9FC8-4CEFE414F042}.Debug|ARM64.ActiveCfg = Debug|Any CPU
		{96D1E32C-E145-43A7-9FC8-4CEFE414F042}.Debug|ARM64.Build.0 = Debug|Any CPU
		{96D1E32C-E145-43A7-9FC8-4CEFE414F042}.Debug|iPhone.ActiveCfg = Debug|Any CPU
		{96D1E32C-E145-43A7-9FC8-4CEFE414F042}.Debug|iPhone.Build.0 = Debug|Any CPU
		{96D1E32C-E145-43A7-9FC8-4CEFE414F042}.Debug|iPhoneSimulator.ActiveCfg = Debug|Any CPU
		{96D1E32C-E145-43A7-9FC8-4CEFE414F042}.Debug|iPhoneSimulator.Build.0 = Debug|Any CPU
		{96D1E32C-E145-43A7-9FC8-4CEFE414F042}.Debug|x64.ActiveCfg = Debug|Any CPU
		{96D1E32C-E145-43A7-9FC8-4CEFE414F042}.Debug|x64.Build.0 = Debug|Any CPU
		{96D1E32C-E145-43A7-9FC8-4CEFE414F042}.Debug|x86.ActiveCfg = Debug|Any CPU
		{96D1E32C-E145-43A7-9FC8-4CEFE414F042}.Debug|x86.Build.0 = Debug|Any CPU
		{96D1E32C-E145-43A7-9FC8-4CEFE414F042}.Release|Any CPU.ActiveCfg = Release|Any CPU
		{96D1E32C-E145-43A7-9FC8-4CEFE414F042}.Release|Any CPU.Build.0 = Release|Any CPU
		{96D1E32C-E145-43A7-9FC8-4CEFE414F042}.Release|ARM.ActiveCfg = Release|Any CPU
		{96D1E32C-E145-43A7-9FC8-4CEFE414F042}.Release|ARM.Build.0 = Release|Any CPU
		{96D1E32C-E145-43A7-9FC8-4CEFE414F042}.Release|ARM64.ActiveCfg = Release|Any CPU
		{96D1E32C-E145-43A7-9FC8-4CEFE414F042}.Release|ARM64.Build.0 = Release|Any CPU
		{96D1E32C-E145-43A7-9FC8-4CEFE414F042}.Release|iPhone.ActiveCfg = Release|Any CPU
		{96D1E32C-E145-43A7-9FC8-4CEFE414F042}.Release|iPhone.Build.0 = Release|Any CPU
		{96D1E32C-E145-43A7-9FC8-4CEFE414F042}.Release|iPhoneSimulator.ActiveCfg = Release|Any CPU
		{96D1E32C-E145-43A7-9FC8-4CEFE414F042}.Release|iPhoneSimulator.Build.0 = Release|Any CPU
		{96D1E32C-E145-43A7-9FC8-4CEFE414F042}.Release|x64.ActiveCfg = Release|Any CPU
		{96D1E32C-E145-43A7-9FC8-4CEFE414F042}.Release|x64.Build.0 = Release|Any CPU
		{96D1E32C-E145-43A7-9FC8-4CEFE414F042}.Release|x86.ActiveCfg = Release|Any CPU
		{96D1E32C-E145-43A7-9FC8-4CEFE414F042}.Release|x86.Build.0 = Release|Any CPU
		{59686749-4F8F-48D1-A5D6-093F80DD716C}.Debug|Any CPU.ActiveCfg = Debug|x86
		{59686749-4F8F-48D1-A5D6-093F80DD716C}.Debug|ARM.ActiveCfg = Debug|ARM
		{59686749-4F8F-48D1-A5D6-093F80DD716C}.Debug|ARM.Build.0 = Debug|ARM
		{59686749-4F8F-48D1-A5D6-093F80DD716C}.Debug|ARM.Deploy.0 = Debug|ARM
		{59686749-4F8F-48D1-A5D6-093F80DD716C}.Debug|ARM64.ActiveCfg = Debug|ARM64
		{59686749-4F8F-48D1-A5D6-093F80DD716C}.Debug|ARM64.Build.0 = Debug|ARM64
		{59686749-4F8F-48D1-A5D6-093F80DD716C}.Debug|ARM64.Deploy.0 = Debug|ARM64
		{59686749-4F8F-48D1-A5D6-093F80DD716C}.Debug|iPhone.ActiveCfg = Debug|x86
		{59686749-4F8F-48D1-A5D6-093F80DD716C}.Debug|iPhoneSimulator.ActiveCfg = Debug|x86
		{59686749-4F8F-48D1-A5D6-093F80DD716C}.Debug|x64.ActiveCfg = Debug|x64
		{59686749-4F8F-48D1-A5D6-093F80DD716C}.Debug|x64.Build.0 = Debug|x64
		{59686749-4F8F-48D1-A5D6-093F80DD716C}.Debug|x64.Deploy.0 = Debug|x64
		{59686749-4F8F-48D1-A5D6-093F80DD716C}.Debug|x86.ActiveCfg = Debug|x86
		{59686749-4F8F-48D1-A5D6-093F80DD716C}.Debug|x86.Build.0 = Debug|x86
		{59686749-4F8F-48D1-A5D6-093F80DD716C}.Debug|x86.Deploy.0 = Debug|x86
		{59686749-4F8F-48D1-A5D6-093F80DD716C}.Release|Any CPU.ActiveCfg = Release|x86
		{59686749-4F8F-48D1-A5D6-093F80DD716C}.Release|ARM.ActiveCfg = Release|ARM
		{59686749-4F8F-48D1-A5D6-093F80DD716C}.Release|ARM.Build.0 = Release|ARM
		{59686749-4F8F-48D1-A5D6-093F80DD716C}.Release|ARM.Deploy.0 = Release|ARM
		{59686749-4F8F-48D1-A5D6-093F80DD716C}.Release|ARM64.ActiveCfg = Release|ARM64
		{59686749-4F8F-48D1-A5D6-093F80DD716C}.Release|ARM64.Build.0 = Release|ARM64
		{59686749-4F8F-48D1-A5D6-093F80DD716C}.Release|ARM64.Deploy.0 = Release|ARM64
		{59686749-4F8F-48D1-A5D6-093F80DD716C}.Release|iPhone.ActiveCfg = Release|x86
		{59686749-4F8F-48D1-A5D6-093F80DD716C}.Release|iPhoneSimulator.ActiveCfg = Release|x86
		{59686749-4F8F-48D1-A5D6-093F80DD716C}.Release|x64.ActiveCfg = Release|x64
		{59686749-4F8F-48D1-A5D6-093F80DD716C}.Release|x64.Build.0 = Release|x64
		{59686749-4F8F-48D1-A5D6-093F80DD716C}.Release|x64.Deploy.0 = Release|x64
		{59686749-4F8F-48D1-A5D6-093F80DD716C}.Release|x86.ActiveCfg = Release|x86
		{59686749-4F8F-48D1-A5D6-093F80DD716C}.Release|x86.Build.0 = Release|x86
		{59686749-4F8F-48D1-A5D6-093F80DD716C}.Release|x86.Deploy.0 = Release|x86
	EndGlobalSection
	GlobalSection(SolutionProperties) = preSolution
		HideSolutionNode = FALSE
	EndGlobalSection
	GlobalSection(ExtensibilityGlobals) = postSolution
		SolutionGuid = {19ABAE9A-9F28-452B-B94B-1CCDE07AAC5D}
	EndGlobalSection
EndGlobal
